
Microsoft Visual Studio Solution File, Format Version 12.00
# Visual Studio 14
VisualStudioVersion = 14.0.25420.1
MinimumVisualStudioVersion = 10.0.40219.1
Project("{FAE04EC0-301F-11D3-BF4B-00C04F79EFBC}") = "WindowsFormsApplication1", "WindowsFormsApplication1\WindowsFormsApplication1.csproj", "{CBFE79F6-36AE-4782-86DF-E00C696F2396}"
EndProject
Project("{FAE04EC0-301F-11D3-BF4B-00C04F79EFBC}") = "Util", "Util\Util.csproj", "{86D057F8-8293-4827-A070-A86AC17A62CD}"
EndProject
Project("{FAE04EC0-301F-11D3-BF4B-00C04F79EFBC}") = "OpenCV", "OpenCV\OpenCV.csproj", "{75FEF1B4-E351-4060-9D6B-C938761BA822}"
EndProject
Project("{FAE04EC0-301F-11D3-BF4B-00C04F79EFBC}") = "Form", "Form\Form.csproj", "{B87EE997-310C-49DF-A592-D639CE44E895}"
EndProject
Project("{FAE04EC0-301F-11D3-BF4B-00C04F79EFBC}") = "Communication", "Communication\Communication.csproj", "{22727D31-D301-49E0-B480-2C03F71FCBCB}"
EndProject
Project("{FAE04EC0-301F-11D3-BF4B-00C04F79EFBC}") = "AvSimDll", "AvSimDll\AvSimDll.csproj", "{E17E5E43-4B29-493E-8951-55B976AF6F58}"
EndProject
Project("{FAE04EC0-301F-11D3-BF4B-00C04F79EFBC}") = "Win32", "Win32\Win32.csproj", "{6CE5B01A-21BD-4B13-BD7A-ED3C2DDE0814}"
EndProject
Project("{FAE04EC0-301F-11D3-BF4B-00C04F79EFBC}") = "AvSimDevKit", "AvSimDevKit\AvSimDevKit.csproj", "{FBC646B2-D2CD-42E0-B7AF-B0EADC19797D}"
EndProject
Project("{FAE04EC0-301F-11D3-BF4B-00C04F79EFBC}") = "Control", "Control\Control.csproj", "{4CA96D8E-37EB-45C4-A531-832FD946B56E}"
EndProject
Project("{FAE04EC0-301F-11D3-BF4B-00C04F79EFBC}") = "Logger", "Logger\Logger.csproj", "{919D0D58-33FA-4543-B877-EF11E09432A8}"
EndProject
Project("{FAE04EC0-301F-11D3-BF4B-00C04F79EFBC}") = "Tail", "Tail\Tail.csproj", "{670C25F9-0568-404B-9B8A-B3BEC9D8391A}"
EndProject
Project("{FAE04EC0-301F-11D3-BF4B-00C04F79EFBC}") = "ConsoleApplication1", "ConsoleApplication1\ConsoleApplication1.csproj", "{0E503DEA-E95A-4036-9905-6BCA0F47D808}"
EndProject
Project("{FAE04EC0-301F-11D3-BF4B-00C04F79EFBC}") = "AvSimDllMotionExternCsharp", "AvSimDllMotionExternCsharp\AvSimDllMotionExternCsharp.csproj", "{97C72AE3-0EB1-4ED0-95CD-141D140A3135}"
EndProject
Project("{FAE04EC0-301F-11D3-BF4B-00C04F79EFBC}") = "WebCommunication", "WebCommunication\WebCommunication.csproj", "{FD0A2CFD-7E27-4188-ADCF-C32391245A8F}"
EndProject
Project("{FAE04EC0-301F-11D3-BF4B-00C04F79EFBC}") = "LogAnalyzer", "LogAnalyzer\LogAnalyzer.csproj", "{BDBC6228-A6FB-471A-8C4A-4A9ED67E89C5}"
EndProject
Project("{FAE04EC0-301F-11D3-BF4B-00C04F79EFBC}") = "LogMailSender", "LogMailSender\LogMailSender.csproj", "{788E6297-9E11-411C-83B9-7CDE3BE3633D}"
EndProject
Project("{FAE04EC0-301F-11D3-BF4B-00C04F79EFBC}") = "LogMailAnalysys", "LogMailAnalysys\LogMailAnalysys.csproj", "{E2E117AC-3123-43F0-BE0C-C75591BCDD5B}"
EndProject
Project("{FAE04EC0-301F-11D3-BF4B-00C04F79EFBC}") = "LicenseMailManagement", "LicenseMailManagement\LicenseMailManagement.csproj", "{3C40C165-0961-484D-AED0-609DECCA742F}"
EndProject
Global
	GlobalSection(SolutionConfigurationPlatforms) = preSolution
		Debug|Any CPU = Debug|Any CPU
		Debug|x64 = Debug|x64
		Debug|x86 = Debug|x86
		Release|Any CPU = Release|Any CPU
		Release|x64 = Release|x64
		Release|x86 = Release|x86
	EndGlobalSection
	GlobalSection(ProjectConfigurationPlatforms) = postSolution
		{CBFE79F6-36AE-4782-86DF-E00C696F2396}.Debug|Any CPU.ActiveCfg = Debug|Any CPU
		{CBFE79F6-36AE-4782-86DF-E00C696F2396}.Debug|Any CPU.Build.0 = Debug|Any CPU
		{CBFE79F6-36AE-4782-86DF-E00C696F2396}.Debug|x64.ActiveCfg = Debug|Any CPU
		{CBFE79F6-36AE-4782-86DF-E00C696F2396}.Debug|x64.Build.0 = Debug|Any CPU
		{CBFE79F6-36AE-4782-86DF-E00C696F2396}.Debug|x86.ActiveCfg = Debug|Any CPU
		{CBFE79F6-36AE-4782-86DF-E00C696F2396}.Debug|x86.Build.0 = Debug|Any CPU
		{CBFE79F6-36AE-4782-86DF-E00C696F2396}.Release|Any CPU.ActiveCfg = Release|Any CPU
		{CBFE79F6-36AE-4782-86DF-E00C696F2396}.Release|Any CPU.Build.0 = Release|Any CPU
		{CBFE79F6-36AE-4782-86DF-E00C696F2396}.Release|x64.ActiveCfg = Release|Any CPU
		{CBFE79F6-36AE-4782-86DF-E00C696F2396}.Release|x64.Build.0 = Release|Any CPU
		{CBFE79F6-36AE-4782-86DF-E00C696F2396}.Release|x86.ActiveCfg = Release|Any CPU
		{CBFE79F6-36AE-4782-86DF-E00C696F2396}.Release|x86.Build.0 = Release|Any CPU
		{86D057F8-8293-4827-A070-A86AC17A62CD}.Debug|Any CPU.ActiveCfg = Debug|Any CPU
		{86D057F8-8293-4827-A070-A86AC17A62CD}.Debug|Any CPU.Build.0 = Debug|Any CPU
		{86D057F8-8293-4827-A070-A86AC17A62CD}.Debug|x64.ActiveCfg = Debug|Any CPU
		{86D057F8-8293-4827-A070-A86AC17A62CD}.Debug|x64.Build.0 = Debug|Any CPU
		{86D057F8-8293-4827-A070-A86AC17A62CD}.Debug|x86.ActiveCfg = Debug|Any CPU
		{86D057F8-8293-4827-A070-A86AC17A62CD}.Debug|x86.Build.0 = Debug|Any CPU
		{86D057F8-8293-4827-A070-A86AC17A62CD}.Release|Any CPU.ActiveCfg = Release|Any CPU
		{86D057F8-8293-4827-A070-A86AC17A62CD}.Release|Any CPU.Build.0 = Release|Any CPU
		{86D057F8-8293-4827-A070-A86AC17A62CD}.Release|x64.ActiveCfg = Release|Any CPU
		{86D057F8-8293-4827-A070-A86AC17A62CD}.Release|x64.Build.0 = Release|Any CPU
		{86D057F8-8293-4827-A070-A86AC17A62CD}.Release|x86.ActiveCfg = Release|Any CPU
		{86D057F8-8293-4827-A070-A86AC17A62CD}.Release|x86.Build.0 = Release|Any CPU
		{75FEF1B4-E351-4060-9D6B-C938761BA822}.Debug|Any CPU.ActiveCfg = Debug|Any CPU
		{75FEF1B4-E351-4060-9D6B-C938761BA822}.Debug|Any CPU.Build.0 = Debug|Any CPU
		{75FEF1B4-E351-4060-9D6B-C938761BA822}.Debug|x64.ActiveCfg = Debug|Any CPU
		{75FEF1B4-E351-4060-9D6B-C938761BA822}.Debug|x64.Build.0 = Debug|Any CPU
		{75FEF1B4-E351-4060-9D6B-C938761BA822}.Debug|x86.ActiveCfg = Debug|Any CPU
		{75FEF1B4-E351-4060-9D6B-C938761BA822}.Debug|x86.Build.0 = Debug|Any CPU
		{75FEF1B4-E351-4060-9D6B-C938761BA822}.Release|Any CPU.ActiveCfg = Release|Any CPU
		{75FEF1B4-E351-4060-9D6B-C938761BA822}.Release|Any CPU.Build.0 = Release|Any CPU
		{75FEF1B4-E351-4060-9D6B-C938761BA822}.Release|x64.ActiveCfg = Release|Any CPU
		{75FEF1B4-E351-4060-9D6B-C938761BA822}.Release|x64.Build.0 = Release|Any CPU
		{75FEF1B4-E351-4060-9D6B-C938761BA822}.Release|x86.ActiveCfg = Release|Any CPU
		{75FEF1B4-E351-4060-9D6B-C938761BA822}.Release|x86.Build.0 = Release|Any CPU
		{B87EE997-310C-49DF-A592-D639CE44E895}.Debug|Any CPU.ActiveCfg = Debug|Any CPU
		{B87EE997-310C-49DF-A592-D639CE44E895}.Debug|Any CPU.Build.0 = Debug|Any CPU
		{B87EE997-310C-49DF-A592-D639CE44E895}.Debug|x64.ActiveCfg = Debug|Any CPU
		{B87EE997-310C-49DF-A592-D639CE44E895}.Debug|x64.Build.0 = Debug|Any CPU
		{B87EE997-310C-49DF-A592-D639CE44E895}.Debug|x86.ActiveCfg = Debug|Any CPU
		{B87EE997-310C-49DF-A592-D639CE44E895}.Debug|x86.Build.0 = Debug|Any CPU
		{B87EE997-310C-49DF-A592-D639CE44E895}.Release|Any CPU.ActiveCfg = Release|Any CPU
		{B87EE997-310C-49DF-A592-D639CE44E895}.Release|Any CPU.Build.0 = Release|Any CPU
		{B87EE997-310C-49DF-A592-D639CE44E895}.Release|x64.ActiveCfg = Release|Any CPU
		{B87EE997-310C-49DF-A592-D639CE44E895}.Release|x64.Build.0 = Release|Any CPU
		{B87EE997-310C-49DF-A592-D639CE44E895}.Release|x86.ActiveCfg = Release|Any CPU
		{B87EE997-310C-49DF-A592-D639CE44E895}.Release|x86.Build.0 = Release|Any CPU
		{22727D31-D301-49E0-B480-2C03F71FCBCB}.Debug|Any CPU.ActiveCfg = Debug|Any CPU
		{22727D31-D301-49E0-B480-2C03F71FCBCB}.Debug|Any CPU.Build.0 = Debug|Any CPU
		{22727D31-D301-49E0-B480-2C03F71FCBCB}.Debug|x64.ActiveCfg = Debug|Any CPU
		{22727D31-D301-49E0-B480-2C03F71FCBCB}.Debug|x64.Build.0 = Debug|Any CPU
		{22727D31-D301-49E0-B480-2C03F71FCBCB}.Debug|x86.ActiveCfg = Debug|Any CPU
		{22727D31-D301-49E0-B480-2C03F71FCBCB}.Debug|x86.Build.0 = Debug|Any CPU
		{22727D31-D301-49E0-B480-2C03F71FCBCB}.Release|Any CPU.ActiveCfg = Release|Any CPU
		{22727D31-D301-49E0-B480-2C03F71FCBCB}.Release|Any CPU.Build.0 = Release|Any CPU
		{22727D31-D301-49E0-B480-2C03F71FCBCB}.Release|x64.ActiveCfg = Release|Any CPU
		{22727D31-D301-49E0-B480-2C03F71FCBCB}.Release|x64.Build.0 = Release|Any CPU
		{22727D31-D301-49E0-B480-2C03F71FCBCB}.Release|x86.ActiveCfg = Release|Any CPU
		{22727D31-D301-49E0-B480-2C03F71FCBCB}.Release|x86.Build.0 = Release|Any CPU
		{E17E5E43-4B29-493E-8951-55B976AF6F58}.Debug|Any CPU.ActiveCfg = Debug|Any CPU
		{E17E5E43-4B29-493E-8951-55B976AF6F58}.Debug|Any CPU.Build.0 = Debug|Any CPU
		{E17E5E43-4B29-493E-8951-55B976AF6F58}.Debug|x64.ActiveCfg = Debug|Any CPU
		{E17E5E43-4B29-493E-8951-55B976AF6F58}.Debug|x64.Build.0 = Debug|Any CPU
		{E17E5E43-4B29-493E-8951-55B976AF6F58}.Debug|x86.ActiveCfg = Debug|Any CPU
		{E17E5E43-4B29-493E-8951-55B976AF6F58}.Debug|x86.Build.0 = Debug|Any CPU
		{E17E5E43-4B29-493E-8951-55B976AF6F58}.Release|Any CPU.ActiveCfg = Release|Any CPU
		{E17E5E43-4B29-493E-8951-55B976AF6F58}.Release|Any CPU.Build.0 = Release|Any CPU
		{E17E5E43-4B29-493E-8951-55B976AF6F58}.Release|x64.ActiveCfg = Release|Any CPU
		{E17E5E43-4B29-493E-8951-55B976AF6F58}.Release|x64.Build.0 = Release|Any CPU
		{E17E5E43-4B29-493E-8951-55B976AF6F58}.Release|x86.ActiveCfg = Release|Any CPU
		{E17E5E43-4B29-493E-8951-55B976AF6F58}.Release|x86.Build.0 = Release|Any CPU
		{6CE5B01A-21BD-4B13-BD7A-ED3C2DDE0814}.Debug|Any CPU.ActiveCfg = Debug|Any CPU
		{6CE5B01A-21BD-4B13-BD7A-ED3C2DDE0814}.Debug|Any CPU.Build.0 = Debug|Any CPU
		{6CE5B01A-21BD-4B13-BD7A-ED3C2DDE0814}.Debug|x64.ActiveCfg = Debug|Any CPU
		{6CE5B01A-21BD-4B13-BD7A-ED3C2DDE0814}.Debug|x64.Build.0 = Debug|Any CPU
		{6CE5B01A-21BD-4B13-BD7A-ED3C2DDE0814}.Debug|x86.ActiveCfg = Debug|Any CPU
		{6CE5B01A-21BD-4B13-BD7A-ED3C2DDE0814}.Debug|x86.Build.0 = Debug|Any CPU
		{6CE5B01A-21BD-4B13-BD7A-ED3C2DDE0814}.Release|Any CPU.ActiveCfg = Release|Any CPU
		{6CE5B01A-21BD-4B13-BD7A-ED3C2DDE0814}.Release|Any CPU.Build.0 = Release|Any CPU
		{6CE5B01A-21BD-4B13-BD7A-ED3C2DDE0814}.Release|x64.ActiveCfg = Release|Any CPU
		{6CE5B01A-21BD-4B13-BD7A-ED3C2DDE0814}.Release|x64.Build.0 = Release|Any CPU
		{6CE5B01A-21BD-4B13-BD7A-ED3C2DDE0814}.Release|x86.ActiveCfg = Release|Any CPU
		{6CE5B01A-21BD-4B13-BD7A-ED3C2DDE0814}.Release|x86.Build.0 = Release|Any CPU
		{FBC646B2-D2CD-42E0-B7AF-B0EADC19797D}.Debug|Any CPU.ActiveCfg = Debug|Any CPU
		{FBC646B2-D2CD-42E0-B7AF-B0EADC19797D}.Debug|Any CPU.Build.0 = Debug|Any CPU
		{FBC646B2-D2CD-42E0-B7AF-B0EADC19797D}.Debug|x64.ActiveCfg = Debug|Any CPU
		{FBC646B2-D2CD-42E0-B7AF-B0EADC19797D}.Debug|x64.Build.0 = Debug|Any CPU
		{FBC646B2-D2CD-42E0-B7AF-B0EADC19797D}.Debug|x86.ActiveCfg = Debug|Any CPU
		{FBC646B2-D2CD-42E0-B7AF-B0EADC19797D}.Debug|x86.Build.0 = Debug|Any CPU
		{FBC646B2-D2CD-42E0-B7AF-B0EADC19797D}.Release|Any CPU.ActiveCfg = Release|Any CPU
		{FBC646B2-D2CD-42E0-B7AF-B0EADC19797D}.Release|Any CPU.Build.0 = Release|Any CPU
		{FBC646B2-D2CD-42E0-B7AF-B0EADC19797D}.Release|x64.ActiveCfg = Release|Any CPU
		{FBC646B2-D2CD-42E0-B7AF-B0EADC19797D}.Release|x64.Build.0 = Release|Any CPU
		{FBC646B2-D2CD-42E0-B7AF-B0EADC19797D}.Release|x86.ActiveCfg = Release|Any CPU
		{FBC646B2-D2CD-42E0-B7AF-B0EADC19797D}.Release|x86.Build.0 = Release|Any CPU
		{4CA96D8E-37EB-45C4-A531-832FD946B56E}.Debug|Any CPU.ActiveCfg = Debug|Any CPU
		{4CA96D8E-37EB-45C4-A531-832FD946B56E}.Debug|Any CPU.Build.0 = Debug|Any CPU
		{4CA96D8E-37EB-45C4-A531-832FD946B56E}.Debug|x64.ActiveCfg = Debug|Any CPU
		{4CA96D8E-37EB-45C4-A531-832FD946B56E}.Debug|x64.Build.0 = Debug|Any CPU
		{4CA96D8E-37EB-45C4-A531-832FD946B56E}.Debug|x86.ActiveCfg = Debug|Any CPU
		{4CA96D8E-37EB-45C4-A531-832FD946B56E}.Debug|x86.Build.0 = Debug|Any CPU
		{4CA96D8E-37EB-45C4-A531-832FD946B56E}.Release|Any CPU.ActiveCfg = Release|Any CPU
		{4CA96D8E-37EB-45C4-A531-832FD946B56E}.Release|Any CPU.Build.0 = Release|Any CPU
		{4CA96D8E-37EB-45C4-A531-832FD946B56E}.Release|x64.ActiveCfg = Release|Any CPU
		{4CA96D8E-37EB-45C4-A531-832FD946B56E}.Release|x64.Build.0 = Release|Any CPU
		{4CA96D8E-37EB-45C4-A531-832FD946B56E}.Release|x86.ActiveCfg = Release|Any CPU
		{4CA96D8E-37EB-45C4-A531-832FD946B56E}.Release|x86.Build.0 = Release|Any CPU
		{919D0D58-33FA-4543-B877-EF11E09432A8}.Debug|Any CPU.ActiveCfg = Debug|Any CPU
		{919D0D58-33FA-4543-B877-EF11E09432A8}.Debug|Any CPU.Build.0 = Debug|Any CPU
		{919D0D58-33FA-4543-B877-EF11E09432A8}.Debug|x64.ActiveCfg = Debug|Any CPU
		{919D0D58-33FA-4543-B877-EF11E09432A8}.Debug|x64.Build.0 = Debug|Any CPU
		{919D0D58-33FA-4543-B877-EF11E09432A8}.Debug|x86.ActiveCfg = Debug|Any CPU
		{919D0D58-33FA-4543-B877-EF11E09432A8}.Debug|x86.Build.0 = Debug|Any CPU
		{919D0D58-33FA-4543-B877-EF11E09432A8}.Release|Any CPU.ActiveCfg = Release|Any CPU
		{919D0D58-33FA-4543-B877-EF11E09432A8}.Release|Any CPU.Build.0 = Release|Any CPU
		{919D0D58-33FA-4543-B877-EF11E09432A8}.Release|x64.ActiveCfg = Release|Any CPU
		{919D0D58-33FA-4543-B877-EF11E09432A8}.Release|x64.Build.0 = Release|Any CPU
		{919D0D58-33FA-4543-B877-EF11E09432A8}.Release|x86.ActiveCfg = Release|Any CPU
		{919D0D58-33FA-4543-B877-EF11E09432A8}.Release|x86.Build.0 = Release|Any CPU
		{670C25F9-0568-404B-9B8A-B3BEC9D8391A}.Debug|Any CPU.ActiveCfg = Debug|Any CPU
		{670C25F9-0568-404B-9B8A-B3BEC9D8391A}.Debug|Any CPU.Build.0 = Debug|Any CPU
		{670C25F9-0568-404B-9B8A-B3BEC9D8391A}.Debug|x64.ActiveCfg = Debug|Any CPU
		{670C25F9-0568-404B-9B8A-B3BEC9D8391A}.Debug|x64.Build.0 = Debug|Any CPU
		{670C25F9-0568-404B-9B8A-B3BEC9D8391A}.Debug|x86.ActiveCfg = Debug|Any CPU
		{670C25F9-0568-404B-9B8A-B3BEC9D8391A}.Debug|x86.Build.0 = Debug|Any CPU
		{670C25F9-0568-404B-9B8A-B3BEC9D8391A}.Release|Any CPU.ActiveCfg = Release|Any CPU
		{670C25F9-0568-404B-9B8A-B3BEC9D8391A}.Release|Any CPU.Build.0 = Release|Any CPU
		{670C25F9-0568-404B-9B8A-B3BEC9D8391A}.Release|x64.ActiveCfg = Release|Any CPU
		{670C25F9-0568-404B-9B8A-B3BEC9D8391A}.Release|x64.Build.0 = Release|Any CPU
		{670C25F9-0568-404B-9B8A-B3BEC9D8391A}.Release|x86.ActiveCfg = Release|Any CPU
		{670C25F9-0568-404B-9B8A-B3BEC9D8391A}.Release|x86.Build.0 = Release|Any CPU
		{0E503DEA-E95A-4036-9905-6BCA0F47D808}.Debug|Any CPU.ActiveCfg = Debug|Any CPU
		{0E503DEA-E95A-4036-9905-6BCA0F47D808}.Debug|Any CPU.Build.0 = Debug|Any CPU
		{0E503DEA-E95A-4036-9905-6BCA0F47D808}.Debug|x64.ActiveCfg = Debug|Any CPU
		{0E503DEA-E95A-4036-9905-6BCA0F47D808}.Debug|x64.Build.0 = Debug|Any CPU
		{0E503DEA-E95A-4036-9905-6BCA0F47D808}.Debug|x86.ActiveCfg = Debug|Any CPU
		{0E503DEA-E95A-4036-9905-6BCA0F47D808}.Debug|x86.Build.0 = Debug|Any CPU
		{0E503DEA-E95A-4036-9905-6BCA0F47D808}.Release|Any CPU.ActiveCfg = Release|Any CPU
		{0E503DEA-E95A-4036-9905-6BCA0F47D808}.Release|Any CPU.Build.0 = Release|Any CPU
		{0E503DEA-E95A-4036-9905-6BCA0F47D808}.Release|x64.ActiveCfg = Release|Any CPU
		{0E503DEA-E95A-4036-9905-6BCA0F47D808}.Release|x64.Build.0 = Release|Any CPU
		{0E503DEA-E95A-4036-9905-6BCA0F47D808}.Release|x86.ActiveCfg = Release|Any CPU
		{0E503DEA-E95A-4036-9905-6BCA0F47D808}.Release|x86.Build.0 = Release|Any CPU
		{97C72AE3-0EB1-4ED0-95CD-141D140A3135}.Debug|Any CPU.ActiveCfg = Debug|Any CPU
		{97C72AE3-0EB1-4ED0-95CD-141D140A3135}.Debug|Any CPU.Build.0 = Debug|Any CPU
		{97C72AE3-0EB1-4ED0-95CD-141D140A3135}.Debug|x64.ActiveCfg = Debug|Any CPU
		{97C72AE3-0EB1-4ED0-95CD-141D140A3135}.Debug|x64.Build.0 = Debug|Any CPU
		{97C72AE3-0EB1-4ED0-95CD-141D140A3135}.Debug|x86.ActiveCfg = Debug|Any CPU
		{97C72AE3-0EB1-4ED0-95CD-141D140A3135}.Debug|x86.Build.0 = Debug|Any CPU
		{97C72AE3-0EB1-4ED0-95CD-141D140A3135}.Release|Any CPU.ActiveCfg = Release|Any CPU
		{97C72AE3-0EB1-4ED0-95CD-141D140A3135}.Release|Any CPU.Build.0 = Release|Any CPU
		{97C72AE3-0EB1-4ED0-95CD-141D140A3135}.Release|x64.ActiveCfg = Release|Any CPU
		{97C72AE3-0EB1-4ED0-95CD-141D140A3135}.Release|x64.Build.0 = Release|Any CPU
		{97C72AE3-0EB1-4ED0-95CD-141D140A3135}.Release|x86.ActiveCfg = Release|Any CPU
		{97C72AE3-0EB1-4ED0-95CD-141D140A3135}.Release|x86.Build.0 = Release|Any CPU
		{FD0A2CFD-7E27-4188-ADCF-C32391245A8F}.Debug|Any CPU.ActiveCfg = Debug|Any CPU
		{FD0A2CFD-7E27-4188-ADCF-C32391245A8F}.Debug|Any CPU.Build.0 = Debug|Any CPU
		{FD0A2CFD-7E27-4188-ADCF-C32391245A8F}.Debug|x64.ActiveCfg = Debug|Any CPU
		{FD0A2CFD-7E27-4188-ADCF-C32391245A8F}.Debug|x64.Build.0 = Debug|Any CPU
		{FD0A2CFD-7E27-4188-ADCF-C32391245A8F}.Debug|x86.ActiveCfg = Debug|Any CPU
		{FD0A2CFD-7E27-4188-ADCF-C32391245A8F}.Debug|x86.Build.0 = Debug|Any CPU
		{FD0A2CFD-7E27-4188-ADCF-C32391245A8F}.Release|Any CPU.ActiveCfg = Release|Any CPU
		{FD0A2CFD-7E27-4188-ADCF-C32391245A8F}.Release|Any CPU.Build.0 = Release|Any CPU
		{FD0A2CFD-7E27-4188-ADCF-C32391245A8F}.Release|x64.ActiveCfg = Release|Any CPU
		{FD0A2CFD-7E27-4188-ADCF-C32391245A8F}.Release|x64.Build.0 = Release|Any CPU
		{FD0A2CFD-7E27-4188-ADCF-C32391245A8F}.Release|x86.ActiveCfg = Release|Any CPU
		{FD0A2CFD-7E27-4188-ADCF-C32391245A8F}.Release|x86.Build.0 = Release|Any CPU
		{BDBC6228-A6FB-471A-8C4A-4A9ED67E89C5}.Debug|Any CPU.ActiveCfg = Debug|Any CPU
		{BDBC6228-A6FB-471A-8C4A-4A9ED67E89C5}.Debug|Any CPU.Build.0 = Debug|Any CPU
		{BDBC6228-A6FB-471A-8C4A-4A9ED67E89C5}.Debug|x64.ActiveCfg = Debug|Any CPU
		{BDBC6228-A6FB-471A-8C4A-4A9ED67E89C5}.Debug|x64.Build.0 = Debug|Any CPU
		{BDBC6228-A6FB-471A-8C4A-4A9ED67E89C5}.Debug|x86.ActiveCfg = Debug|Any CPU
		{BDBC6228-A6FB-471A-8C4A-4A9ED67E89C5}.Debug|x86.Build.0 = Debug|Any CPU
		{BDBC6228-A6FB-471A-8C4A-4A9ED67E89C5}.Release|Any CPU.ActiveCfg = Release|Any CPU
		{BDBC6228-A6FB-471A-8C4A-4A9ED67E89C5}.Release|Any CPU.Build.0 = Release|Any CPU
		{BDBC6228-A6FB-471A-8C4A-4A9ED67E89C5}.Release|x64.ActiveCfg = Release|Any CPU
		{BDBC6228-A6FB-471A-8C4A-4A9ED67E89C5}.Release|x64.Build.0 = Release|Any CPU
		{BDBC6228-A6FB-471A-8C4A-4A9ED67E89C5}.Release|x86.ActiveCfg = Release|Any CPU
		{BDBC6228-A6FB-471A-8C4A-4A9ED67E89C5}.Release|x86.Build.0 = Release|Any CPU
		{788E6297-9E11-411C-83B9-7CDE3BE3633D}.Debug|Any CPU.ActiveCfg = Debug|Any CPU
		{788E6297-9E11-411C-83B9-7CDE3BE3633D}.Debug|Any CPU.Build.0 = Debug|Any CPU
		{788E6297-9E11-411C-83B9-7CDE3BE3633D}.Debug|x64.ActiveCfg = Debug|Any CPU
		{788E6297-9E11-411C-83B9-7CDE3BE3633D}.Debug|x64.Build.0 = Debug|Any CPU
		{788E6297-9E11-411C-83B9-7CDE3BE3633D}.Debug|x86.ActiveCfg = Debug|Any CPU
		{788E6297-9E11-411C-83B9-7CDE3BE3633D}.Debug|x86.Build.0 = Debug|Any CPU
		{788E6297-9E11-411C-83B9-7CDE3BE3633D}.Release|Any CPU.ActiveCfg = Release|Any CPU
		{788E6297-9E11-411C-83B9-7CDE3BE3633D}.Release|Any CPU.Build.0 = Release|Any CPU
		{788E6297-9E11-411C-83B9-7CDE3BE3633D}.Release|x64.ActiveCfg = Release|Any CPU
		{788E6297-9E11-411C-83B9-7CDE3BE3633D}.Release|x64.Build.0 = Release|Any CPU
		{788E6297-9E11-411C-83B9-7CDE3BE3633D}.Release|x86.ActiveCfg = Release|Any CPU
		{788E6297-9E11-411C-83B9-7CDE3BE3633D}.Release|x86.Build.0 = Release|Any CPU
		{E2E117AC-3123-43F0-BE0C-C75591BCDD5B}.Debug|Any CPU.ActiveCfg = Debug|Any CPU
		{E2E117AC-3123-43F0-BE0C-C75591BCDD5B}.Debug|Any CPU.Build.0 = Debug|Any CPU
		{E2E117AC-3123-43F0-BE0C-C75591BCDD5B}.Debug|x64.ActiveCfg = Debug|Any CPU
		{E2E117AC-3123-43F0-BE0C-C75591BCDD5B}.Debug|x64.Build.0 = Debug|Any CPU
		{E2E117AC-3123-43F0-BE0C-C75591BCDD5B}.Debug|x86.ActiveCfg = Debug|Any CPU
		{E2E117AC-3123-43F0-BE0C-C75591BCDD5B}.Debug|x86.Build.0 = Debug|Any CPU
		{E2E117AC-3123-43F0-BE0C-C75591BCDD5B}.Release|Any CPU.ActiveCfg = Release|Any CPU
		{E2E117AC-3123-43F0-BE0C-C75591BCDD5B}.Release|Any CPU.Build.0 = Release|Any CPU
		{E2E117AC-3123-43F0-BE0C-C75591BCDD5B}.Release|x64.ActiveCfg = Release|Any CPU
		{E2E117AC-3123-43F0-BE0C-C75591BCDD5B}.Release|x64.Build.0 = Release|Any CPU
		{E2E117AC-3123-43F0-BE0C-C75591BCDD5B}.Release|x86.ActiveCfg = Release|Any CPU
		{E2E117AC-3123-43F0-BE0C-C75591BCDD5B}.Release|x86.Build.0 = Release|Any CPU
		{3C40C165-0961-484D-AED0-609DECCA742F}.Debug|Any CPU.ActiveCfg = Debug|Any CPU
		{3C40C165-0961-484D-AED0-609DECCA742F}.Debug|Any CPU.Build.0 = Debug|Any CPU
		{3C40C165-0961-484D-AED0-609DECCA742F}.Debug|x64.ActiveCfg = Debug|Any CPU
		{3C40C165-0961-484D-AED0-609DECCA742F}.Debug|x64.Build.0 = Debug|Any CPU
		{3C40C165-0961-484D-AED0-609DECCA742F}.Debug|x86.ActiveCfg = Debug|Any CPU
		{3C40C165-0961-484D-AED0-609DECCA742F}.Debug|x86.Build.0 = Debug|Any CPU
		{3C40C165-0961-484D-AED0-609DECCA742F}.Release|Any CPU.ActiveCfg = Release|Any CPU
		{3C40C165-0961-484D-AED0-609DECCA742F}.Release|Any CPU.Build.0 = Release|Any CPU
		{3C40C165-0961-484D-AED0-609DECCA742F}.Release|x64.ActiveCfg = Release|Any CPU
		{3C40C165-0961-484D-AED0-609DECCA742F}.Release|x64.Build.0 = Release|Any CPU
		{3C40C165-0961-484D-AED0-609DECCA742F}.Release|x86.ActiveCfg = Release|Any CPU
		{3C40C165-0961-484D-AED0-609DECCA742F}.Release|x86.Build.0 = Release|Any CPU
	EndGlobalSection
	GlobalSection(SolutionProperties) = preSolution
		HideSolutionNode = FALSE
	EndGlobalSection
EndGlobal
